
Microsoft Visual Studio Solution File, Format Version 12.00
# Visual Studio Version 16
VisualStudioVersion = 16.0.31112.23
MinimumVisualStudioVersion = 10.0.40219.1
Project("{FAE04EC0-301F-11D3-BF4B-00C04F79EFBC}") = "WinFormsApp3", "WinFormsApp3\WinFormsApp3.csproj", "{B3A2DD4C-B88B-4951-8151-86C572C32F22}"
EndProject
Global
	GlobalSection(SolutionConfigurationPlatforms) = preSolution
		Debug|Any CPU = Debug|Any CPU
		Release|Any CPU = Release|Any CPU
	EndGlobalSection
	GlobalSection(ProjectConfigurationPlatforms) = postSolution
		{B3A2DD4C-B88B-4951-8151-86C572C32F22}.Debug|Any CPU.ActiveCfg = Debug|Any CPU
		{B3A2DD4C-B88B-4951-8151-86C572C32F22}.Debug|Any CPU.Build.0 = Debug|Any CPU
		{B3A2DD4C-B88B-4951-8151-86C572C32F22}.Release|Any CPU.ActiveCfg = Release|Any CPU
		{B3A2DD4C-B88B-4951-8151-86C572C32F22}.Release|Any CPU.Build.0 = Release|Any CPU
	EndGlobalSection
	GlobalSection(SolutionProperties) = preSolution
		HideSolutionNode = FALSE
	EndGlobalSection
	GlobalSection(ExtensibilityGlobals) = postSolution
		SolutionGuid = {F7E45F2F-C526-4848-B17C-CD59B57B5BBF}
	EndGlobalSection
EndGlobal
